
Microsoft Visual Studio Solution File, Format Version 12.00
# Visual Studio Version 16
VisualStudioVersion = 16.0.33027.164
MinimumVisualStudioVersion = 10.0.40219.1
Project("{FAE04EC0-301F-11D3-BF4B-00C04F79EFBC}") = "CSharpPrac", "CSharpPrac.csproj", "{6B4FEEA0-7DCC-4741-A462-0730982E78B8}"
EndProject
Global
	GlobalSection(SolutionConfigurationPlatforms) = preSolution
		Debug|Any CPU = Debug|Any CPU
		Release|Any CPU = Release|Any CPU
	EndGlobalSection
	GlobalSection(ProjectConfigurationPlatforms) = postSolution
		{6B4FEEA0-7DCC-4741-A462-0730982E78B8}.Debug|Any CPU.ActiveCfg = Debug|Any CPU
		{6B4FEEA0-7DCC-4741-A462-0730982E78B8}.Debug|Any CPU.Build.0 = Debug|Any CPU
		{6B4FEEA0-7DCC-4741-A462-0730982E78B8}.Release|Any CPU.ActiveCfg = Release|Any CPU
		{6B4FEEA0-7DCC-4741-A462-0730982E78B8}.Release|Any CPU.Build.0 = Release|Any CPU
	EndGlobalSection
	GlobalSection(SolutionProperties) = preSolution
		HideSolutionNode = FALSE
	EndGlobalSection
	GlobalSection(ExtensibilityGlobals) = postSolution
		SolutionGuid = {F8888742-D337-4E9E-9BC8-AD57AD69E024}
	EndGlobalSection
EndGlobal
